
Microsoft Visual Studio Solution File, Format Version 12.00
# Visual Studio Version 17
VisualStudioVersion = 17.7.34018.315
MinimumVisualStudioVersion = 10.0.40219.1
Project("{FAE04EC0-301F-11D3-BF4B-00C04F79EFBC}") = "Project-API-NH", "Project-API-NH\Project-API-NH.csproj", "{9F1D83EC-DAD9-4863-B5F4-3CD9EF36300C}"
EndProject
Project("{FAE04EC0-301F-11D3-BF4B-00C04F79EFBC}") = "nhomnetapi", "..\..\Project-FptAptech\Sem3\nhomnetapi\nhomnetapi.csproj", "{0281FB68-2F48-4D12-AFA9-8A2E5B3C5E0F}"
EndProject
Global
	GlobalSection(SolutionConfigurationPlatforms) = preSolution
		Debug|Any CPU = Debug|Any CPU
		Release|Any CPU = Release|Any CPU
	EndGlobalSection
	GlobalSection(ProjectConfigurationPlatforms) = postSolution
		{9F1D83EC-DAD9-4863-B5F4-3CD9EF36300C}.Debug|Any CPU.ActiveCfg = Debug|Any CPU
		{9F1D83EC-DAD9-4863-B5F4-3CD9EF36300C}.Debug|Any CPU.Build.0 = Debug|Any CPU
		{9F1D83EC-DAD9-4863-B5F4-3CD9EF36300C}.Release|Any CPU.ActiveCfg = Release|Any CPU
		{9F1D83EC-DAD9-4863-B5F4-3CD9EF36300C}.Release|Any CPU.Build.0 = Release|Any CPU
		{0281FB68-2F48-4D12-AFA9-8A2E5B3C5E0F}.Debug|Any CPU.ActiveCfg = Debug|Any CPU
		{0281FB68-2F48-4D12-AFA9-8A2E5B3C5E0F}.Debug|Any CPU.Build.0 = Debug|Any CPU
		{0281FB68-2F48-4D12-AFA9-8A2E5B3C5E0F}.Release|Any CPU.ActiveCfg = Release|Any CPU
		{0281FB68-2F48-4D12-AFA9-8A2E5B3C5E0F}.Release|Any CPU.Build.0 = Release|Any CPU
	EndGlobalSection
	GlobalSection(SolutionProperties) = preSolution
		HideSolutionNode = FALSE
	EndGlobalSection
	GlobalSection(ExtensibilityGlobals) = postSolution
		SolutionGuid = {FABF3714-CE93-4B1D-9F3F-CE53A160B849}
	EndGlobalSection
EndGlobal
